
Microsoft Visual Studio Solution File, Format Version 12.00
# Visual Studio Version 17
VisualStudioVersion = 17.5.33627.172
MinimumVisualStudioVersion = 10.0.40219.1
Project("{FAE04EC0-301F-11D3-BF4B-00C04F79EFBC}") = "WebApplication1", "WebApplication1\WebApplication1.csproj", "{05543D6C-F924-408B-B230-B4A9F99052F1}"
EndProject
Global
	GlobalSection(SolutionConfigurationPlatforms) = preSolution
		Debug|Any CPU = Debug|Any CPU
		Release|Any CPU = Release|Any CPU
	EndGlobalSection
	GlobalSection(ProjectConfigurationPlatforms) = postSolution
		{05543D6C-F924-408B-B230-B4A9F99052F1}.Debug|Any CPU.ActiveCfg = Debug|Any CPU
		{05543D6C-F924-408B-B230-B4A9F99052F1}.Debug|Any CPU.Build.0 = Debug|Any CPU
		{05543D6C-F924-408B-B230-B4A9F99052F1}.Release|Any CPU.ActiveCfg = Release|Any CPU
		{05543D6C-F924-408B-B230-B4A9F99052F1}.Release|Any CPU.Build.0 = Release|Any CPU
	EndGlobalSection
	GlobalSection(SolutionProperties) = preSolution
		HideSolutionNode = FALSE
	EndGlobalSection
	GlobalSection(ExtensibilityGlobals) = postSolution
		SolutionGuid = {78C811B5-AEF1-4BD2-82A1-F7975C567B74}
	EndGlobalSection
EndGlobal
